
Microsoft Visual Studio Solution File, Format Version 12.00
# Visual Studio Version 16
VisualStudioVersion = 25.0.1706.10
MinimumVisualStudioVersion = 10.0.40219.1
Project("{FAE04EC0-301F-11D3-BF4B-00C04F79EFBC}") = "Week5LogicalOperators", "Week5LogicalOperators\Week5LogicalOperators.csproj", "{8ABA0D19-26A7-468A-8F63-634A23A94A62}"
EndProject
Project("{FAE04EC0-301F-11D3-BF4B-00C04F79EFBC}") = "ANDOperator", "ANDOperator\ANDOperator.csproj", "{6AF68136-0B35-4B9D-9700-F6453A3122E5}"
EndProject
Project("{FAE04EC0-301F-11D3-BF4B-00C04F79EFBC}") = "OROperator", "OROperator\OROperator.csproj", "{CAAB7F1D-7407-4861-88E3-7A098715B12D}"
EndProject
Project("{FAE04EC0-301F-11D3-BF4B-00C04F79EFBC}") = "ANDranges", "ANDranges\ANDranges.csproj", "{6D412D8B-AFEB-44D3-A1F9-C2832DC8E706}"
EndProject
Project("{FAE04EC0-301F-11D3-BF4B-00C04F79EFBC}") = "Pin", "Pin\Pin.csproj", "{9ED1BE20-C223-4148-BA9B-49DB14C7042E}"
EndProject
Global
	GlobalSection(SolutionConfigurationPlatforms) = preSolution
		Debug|Any CPU = Debug|Any CPU
		Release|Any CPU = Release|Any CPU
	EndGlobalSection
	GlobalSection(ProjectConfigurationPlatforms) = postSolution
		{8ABA0D19-26A7-468A-8F63-634A23A94A62}.Debug|Any CPU.ActiveCfg = Debug|Any CPU
		{8ABA0D19-26A7-468A-8F63-634A23A94A62}.Debug|Any CPU.Build.0 = Debug|Any CPU
		{8ABA0D19-26A7-468A-8F63-634A23A94A62}.Release|Any CPU.ActiveCfg = Release|Any CPU
		{8ABA0D19-26A7-468A-8F63-634A23A94A62}.Release|Any CPU.Build.0 = Release|Any CPU
		{6AF68136-0B35-4B9D-9700-F6453A3122E5}.Debug|Any CPU.ActiveCfg = Debug|Any CPU
		{6AF68136-0B35-4B9D-9700-F6453A3122E5}.Debug|Any CPU.Build.0 = Debug|Any CPU
		{6AF68136-0B35-4B9D-9700-F6453A3122E5}.Release|Any CPU.ActiveCfg = Release|Any CPU
		{6AF68136-0B35-4B9D-9700-F6453A3122E5}.Release|Any CPU.Build.0 = Release|Any CPU
		{CAAB7F1D-7407-4861-88E3-7A098715B12D}.Debug|Any CPU.ActiveCfg = Debug|Any CPU
		{CAAB7F1D-7407-4861-88E3-7A098715B12D}.Debug|Any CPU.Build.0 = Debug|Any CPU
		{CAAB7F1D-7407-4861-88E3-7A098715B12D}.Release|Any CPU.ActiveCfg = Release|Any CPU
		{CAAB7F1D-7407-4861-88E3-7A098715B12D}.Release|Any CPU.Build.0 = Release|Any CPU
		{6D412D8B-AFEB-44D3-A1F9-C2832DC8E706}.Debug|Any CPU.ActiveCfg = Debug|Any CPU
		{6D412D8B-AFEB-44D3-A1F9-C2832DC8E706}.Debug|Any CPU.Build.0 = Debug|Any CPU
		{6D412D8B-AFEB-44D3-A1F9-C2832DC8E706}.Release|Any CPU.ActiveCfg = Release|Any CPU
		{6D412D8B-AFEB-44D3-A1F9-C2832DC8E706}.Release|Any CPU.Build.0 = Release|Any CPU
		{9ED1BE20-C223-4148-BA9B-49DB14C7042E}.Debug|Any CPU.ActiveCfg = Debug|Any CPU
		{9ED1BE20-C223-4148-BA9B-49DB14C7042E}.Debug|Any CPU.Build.0 = Debug|Any CPU
		{9ED1BE20-C223-4148-BA9B-49DB14C7042E}.Release|Any CPU.ActiveCfg = Release|Any CPU
		{9ED1BE20-C223-4148-BA9B-49DB14C7042E}.Release|Any CPU.Build.0 = Release|Any CPU
	EndGlobalSection
	GlobalSection(SolutionProperties) = preSolution
		HideSolutionNode = FALSE
	EndGlobalSection
	GlobalSection(ExtensibilityGlobals) = postSolution
		SolutionGuid = {CD8CF613-60A4-4B0B-AB3B-0B1EF0B6C863}
	EndGlobalSection
EndGlobal
